// !$*UTF8*$!
{
	archiveVersion = 1;
	classes = {
	};
	objectVersion = 45;
	objects = {

/* Begin PBXBuildFile section */
		1D3623260D0F684500981E51 /* PubSubPlaygroundAppDelegate.m in Sources */ = {isa = PBXBuildFile; fileRef = 1D3623250D0F684500981E51 /* PubSubPlaygroundAppDelegate.m */; };
		1D60589B0D05DD56006BFB54 /* main.m in Sources */ = {isa = PBXBuildFile; fileRef = 29B97316FDCFA39411CA2CEA /* main.m */; };
		1D60589F0D05DD5A006BFB54 /* Foundation.framework in Frameworks */ = {isa = PBXBuildFile; fileRef = 1D30AB110D05D00D00671497 /* Foundation.framework */; };
		1DF5F4E00D08C38300B7A737 /* UIKit.framework in Frameworks */ = {isa = PBXBuildFile; fileRef = 1DF5F4DF0D08C38300B7A737 /* UIKit.framework */; };
		288765FD0DF74451002DB57D /* CoreGraphics.framework in Frameworks */ = {isa = PBXBuildFile; fileRef = 288765FC0DF74451002DB57D /* CoreGraphics.framework */; };
		28AD733F0D9D9553002E5188 /* MainWindow.xib in Resources */ = {isa = PBXBuildFile; fileRef = 28AD733E0D9D9553002E5188 /* MainWindow.xib */; };
		48C4CD0911B59D0400976CF5 /* XMPPIQ+TelemonitoringPubSub.m in Sources */ = {isa = PBXBuildFile; fileRef = 48C4CD0811B59D0400976CF5 /* XMPPIQ+TelemonitoringPubSub.m */; };
		48C4CD1811B59D5200976CF5 /* NSStringAdditions.m in Sources */ = {isa = PBXBuildFile; fileRef = 48C4CD0F11B59D5200976CF5 /* NSStringAdditions.m */; };
		48C4CD1911B59D5200976CF5 /* DDXMLDocument.m in Sources */ = {isa = PBXBuildFile; fileRef = 48C4CD1311B59D5200976CF5 /* DDXMLDocument.m */; };
		48C4CD1A11B59D5200976CF5 /* DDXMLElement.m in Sources */ = {isa = PBXBuildFile; fileRef = 48C4CD1511B59D5200976CF5 /* DDXMLElement.m */; };
		48C4CD1B11B59D5200976CF5 /* DDXMLNode.m in Sources */ = {isa = PBXBuildFile; fileRef = 48C4CD1711B59D5200976CF5 /* DDXMLNode.m */; };
		48C4CD2311B59D8800976CF5 /* DDXMLElementAdditions.m in Sources */ = {isa = PBXBuildFile; fileRef = 48C4CD2211B59D8800976CF5 /* DDXMLElementAdditions.m */; };
		48C4CD2711B59DE700976CF5 /* AsyncSocket.m in Sources */ = {isa = PBXBuildFile; fileRef = 48C4CD2611B59DE700976CF5 /* AsyncSocket.m */; };
		48C4CD2D11B59DF700976CF5 /* NSXMLElementAdditions.m in Sources */ = {isa = PBXBuildFile; fileRef = 48C4CD2A11B59DF700976CF5 /* NSXMLElementAdditions.m */; };
		48C4CD2E11B59DF700976CF5 /* NSDataAdditions.m in Sources */ = {isa = PBXBuildFile; fileRef = 48C4CD2C11B59DF700976CF5 /* NSDataAdditions.m */; };
		48C4CD3711B59E1800976CF5 /* MulticastDelegate.m in Sources */ = {isa = PBXBuildFile; fileRef = 48C4CD3211B59E1800976CF5 /* MulticastDelegate.m */; };
		48C4CD3811B59E1800976CF5 /* LibIDN.m in Sources */ = {isa = PBXBuildFile; fileRef = 48C4CD3411B59E1800976CF5 /* LibIDN.m */; };
		48C4CD4B11B59E2D00976CF5 /* XMPPParser.m in Sources */ = {isa = PBXBuildFile; fileRef = 48C4CD3C11B59E2D00976CF5 /* XMPPParser.m */; };
		48C4CD4C11B59E2D00976CF5 /* XMPPStream.m in Sources */ = {isa = PBXBuildFile; fileRef = 48C4CD3E11B59E2D00976CF5 /* XMPPStream.m */; };
		48C4CD4D11B59E2D00976CF5 /* XMPPJID.m in Sources */ = {isa = PBXBuildFile; fileRef = 48C4CD4011B59E2D00976CF5 /* XMPPJID.m */; };
		48C4CD4E11B59E2D00976CF5 /* XMPPElement.m in Sources */ = {isa = PBXBuildFile; fileRef = 48C4CD4211B59E2D00976CF5 /* XMPPElement.m */; };
		48C4CD4F11B59E2D00976CF5 /* XMPPIQ.m in Sources */ = {isa = PBXBuildFile; fileRef = 48C4CD4411B59E2D00976CF5 /* XMPPIQ.m */; };
		48C4CD5011B59E2D00976CF5 /* XMPPMessage.m in Sources */ = {isa = PBXBuildFile; fileRef = 48C4CD4611B59E2D00976CF5 /* XMPPMessage.m */; };
		48C4CD5111B59E2D00976CF5 /* XMPPPresence.m in Sources */ = {isa = PBXBuildFile; fileRef = 48C4CD4811B59E2D00976CF5 /* XMPPPresence.m */; };
		48C4CD5211B59E2D00976CF5 /* XMPPReconnect.m in Sources */ = {isa = PBXBuildFile; fileRef = 48C4CD4A11B59E2D00976CF5 /* XMPPReconnect.m */; };
		48C4CD5811B59E4300976CF5 /* XMPPRoster.m in Sources */ = {isa = PBXBuildFile; fileRef = 48C4CD5511B59E4300976CF5 /* XMPPRoster.m */; };
		48C4CD6311B59E6300976CF5 /* XMPPRoster.xcdatamodel in Sources */ = {isa = PBXBuildFile; fileRef = 48C4CD5C11B59E6300976CF5 /* XMPPRoster.xcdatamodel */; };
		48C4CD6411B59E6300976CF5 /* XMPPRosterCoreDataStorage.m in Sources */ = {isa = PBXBuildFile; fileRef = 48C4CD5E11B59E6300976CF5 /* XMPPRosterCoreDataStorage.m */; };
		48C4CD6511B59E6300976CF5 /* XMPPUserCoreDataStorage.m in Sources */ = {isa = PBXBuildFile; fileRef = 48C4CD6011B59E6300976CF5 /* XMPPUserCoreDataStorage.m */; };
		48C4CD6611B59E6300976CF5 /* XMPPResourceCoreDataStorage.m in Sources */ = {isa = PBXBuildFile; fileRef = 48C4CD6211B59E6300976CF5 /* XMPPResourceCoreDataStorage.m */; };
		48C4CDB311B59EE100976CF5 /* CoreData.framework in Frameworks */ = {isa = PBXBuildFile; fileRef = 48C4CDB211B59EE100976CF5 /* CoreData.framework */; };
		48C4CDB711B59EEE00976CF5 /* CFNetwork.framework in Frameworks */ = {isa = PBXBuildFile; fileRef = 48C4CDB611B59EEE00976CF5 /* CFNetwork.framework */; };
		48C4CDBB11B59EF800976CF5 /* SystemConfiguration.framework in Frameworks */ = {isa = PBXBuildFile; fileRef = 48C4CDBA11B59EF800976CF5 /* SystemConfiguration.framework */; };
		48C4CDBF11B59F0900976CF5 /* libxml2.dylib in Frameworks */ = {isa = PBXBuildFile; fileRef = 48C4CDBE11B59F0900976CF5 /* libxml2.dylib */; };
		48C4CDC611B5A07800976CF5 /* libidn.a in Frameworks */ = {isa = PBXBuildFile; fileRef = 48C4CDC511B5A07800976CF5 /* libidn.a */; };
		48C4CDD711B5A13B00976CF5 /* XMPPModule.m in Sources */ = {isa = PBXBuildFile; fileRef = 48C4CDD611B5A13B00976CF5 /* XMPPModule.m */; };
/* End PBXBuildFile section */

/* Begin PBXFileReference section */
		1D30AB110D05D00D00671497 /* Foundation.framework */ = {isa = PBXFileReference; lastKnownFileType = wrapper.framework; name = Foundation.framework; path = System/Library/Frameworks/Foundation.framework; sourceTree = SDKROOT; };
		1D3623240D0F684500981E51 /* PubSubPlaygroundAppDelegate.h */ = {isa = PBXFileReference; fileEncoding = 4; lastKnownFileType = sourcecode.c.h; path = PubSubPlaygroundAppDelegate.h; sourceTree = "<group>"; };
		1D3623250D0F684500981E51 /* PubSubPlaygroundAppDelegate.m */ = {isa = PBXFileReference; fileEncoding = 4; lastKnownFileType = sourcecode.c.objc; path = PubSubPlaygroundAppDelegate.m; sourceTree = "<group>"; };
		1D6058910D05DD3D006BFB54 /* PubSubPlayground.app */ = {isa = PBXFileReference; explicitFileType = wrapper.application; includeInIndex = 0; path = PubSubPlayground.app; sourceTree = BUILT_PRODUCTS_DIR; };
		1DF5F4DF0D08C38300B7A737 /* UIKit.framework */ = {isa = PBXFileReference; lastKnownFileType = wrapper.framework; name = UIKit.framework; path = System/Library/Frameworks/UIKit.framework; sourceTree = SDKROOT; };
		288765FC0DF74451002DB57D /* CoreGraphics.framework */ = {isa = PBXFileReference; lastKnownFileType = wrapper.framework; name = CoreGraphics.framework; path = System/Library/Frameworks/CoreGraphics.framework; sourceTree = SDKROOT; };
		28AD733E0D9D9553002E5188 /* MainWindow.xib */ = {isa = PBXFileReference; lastKnownFileType = file.xib; path = MainWindow.xib; sourceTree = "<group>"; };
		29B97316FDCFA39411CA2CEA /* main.m */ = {isa = PBXFileReference; fileEncoding = 4; lastKnownFileType = sourcecode.c.objc; path = main.m; sourceTree = "<group>"; };
		32CA4F630368D1EE00C91783 /* PubSubPlayground_Prefix.pch */ = {isa = PBXFileReference; fileEncoding = 4; lastKnownFileType = sourcecode.c.h; path = PubSubPlayground_Prefix.pch; sourceTree = "<group>"; };
		48C4CD0711B59D0400976CF5 /* XMPPIQ+TelemonitoringPubSub.h */ = {isa = PBXFileReference; fileEncoding = 4; lastKnownFileType = sourcecode.c.h; path = "XMPPIQ+TelemonitoringPubSub.h"; sourceTree = "<group>"; };
		48C4CD0811B59D0400976CF5 /* XMPPIQ+TelemonitoringPubSub.m */ = {isa = PBXFileReference; fileEncoding = 4; lastKnownFileType = sourcecode.c.objc; path = "XMPPIQ+TelemonitoringPubSub.m"; sourceTree = "<group>"; };
		48C4CD0E11B59D5200976CF5 /* NSStringAdditions.h */ = {isa = PBXFileReference; fileEncoding = 4; lastKnownFileType = sourcecode.c.h; path = NSStringAdditions.h; sourceTree = "<group>"; };
		48C4CD0F11B59D5200976CF5 /* NSStringAdditions.m */ = {isa = PBXFileReference; fileEncoding = 4; lastKnownFileType = sourcecode.c.objc; path = NSStringAdditions.m; sourceTree = "<group>"; };
		48C4CD1011B59D5200976CF5 /* DDXMLPrivate.h */ = {isa = PBXFileReference; fileEncoding = 4; lastKnownFileType = sourcecode.c.h; path = DDXMLPrivate.h; sourceTree = "<group>"; };
		48C4CD1111B59D5200976CF5 /* DDXML.h */ = {isa = PBXFileReference; fileEncoding = 4; lastKnownFileType = sourcecode.c.h; path = DDXML.h; sourceTree = "<group>"; };
		48C4CD1211B59D5200976CF5 /* DDXMLDocument.h */ = {isa = PBXFileReference; fileEncoding = 4; lastKnownFileType = sourcecode.c.h; path = DDXMLDocument.h; sourceTree = "<group>"; };
		48C4CD1311B59D5200976CF5 /* DDXMLDocument.m */ = {isa = PBXFileReference; fileEncoding = 4; lastKnownFileType = sourcecode.c.objc; path = DDXMLDocument.m; sourceTree = "<group>"; };
		48C4CD1411B59D5200976CF5 /* DDXMLElement.h */ = {isa = PBXFileReference; fileEncoding = 4; lastKnownFileType = sourcecode.c.h; path = DDXMLElement.h; sourceTree = "<group>"; };
		48C4CD1511B59D5200976CF5 /* DDXMLElement.m */ = {isa = PBXFileReference; fileEncoding = 4; lastKnownFileType = sourcecode.c.objc; path = DDXMLElement.m; sourceTree = "<group>"; };
		48C4CD1611B59D5200976CF5 /* DDXMLNode.h */ = {isa = PBXFileReference; fileEncoding = 4; lastKnownFileType = sourcecode.c.h; path = DDXMLNode.h; sourceTree = "<group>"; };
		48C4CD1711B59D5200976CF5 /* DDXMLNode.m */ = {isa = PBXFileReference; fileEncoding = 4; lastKnownFileType = sourcecode.c.objc; path = DDXMLNode.m; sourceTree = "<group>"; };
		48C4CD2111B59D8800976CF5 /* DDXMLElementAdditions.h */ = {isa = PBXFileReference; fileEncoding = 4; lastKnownFileType = sourcecode.c.h; path = DDXMLElementAdditions.h; sourceTree = "<group>"; };
		48C4CD2211B59D8800976CF5 /* DDXMLElementAdditions.m */ = {isa = PBXFileReference; fileEncoding = 4; lastKnownFileType = sourcecode.c.objc; path = DDXMLElementAdditions.m; sourceTree = "<group>"; };
		48C4CD2511B59DE700976CF5 /* AsyncSocket.h */ = {isa = PBXFileReference; fileEncoding = 4; lastKnownFileType = sourcecode.c.h; path = AsyncSocket.h; sourceTree = "<group>"; };
		48C4CD2611B59DE700976CF5 /* AsyncSocket.m */ = {isa = PBXFileReference; fileEncoding = 4; lastKnownFileType = sourcecode.c.objc; path = AsyncSocket.m; sourceTree = "<group>"; };
		48C4CD2911B59DF700976CF5 /* NSXMLElementAdditions.h */ = {isa = PBXFileReference; fileEncoding = 4; lastKnownFileType = sourcecode.c.h; path = NSXMLElementAdditions.h; sourceTree = "<group>"; };
		48C4CD2A11B59DF700976CF5 /* NSXMLElementAdditions.m */ = {isa = PBXFileReference; fileEncoding = 4; lastKnownFileType = sourcecode.c.objc; path = NSXMLElementAdditions.m; sourceTree = "<group>"; };
		48C4CD2B11B59DF700976CF5 /* NSDataAdditions.h */ = {isa = PBXFileReference; fileEncoding = 4; lastKnownFileType = sourcecode.c.h; path = NSDataAdditions.h; sourceTree = "<group>"; };
		48C4CD2C11B59DF700976CF5 /* NSDataAdditions.m */ = {isa = PBXFileReference; fileEncoding = 4; lastKnownFileType = sourcecode.c.objc; path = NSDataAdditions.m; sourceTree = "<group>"; };
		48C4CD3111B59E1800976CF5 /* MulticastDelegate.h */ = {isa = PBXFileReference; fileEncoding = 4; lastKnownFileType = sourcecode.c.h; path = MulticastDelegate.h; sourceTree = "<group>"; };
		48C4CD3211B59E1800976CF5 /* MulticastDelegate.m */ = {isa = PBXFileReference; fileEncoding = 4; lastKnownFileType = sourcecode.c.objc; path = MulticastDelegate.m; sourceTree = "<group>"; };
		48C4CD3311B59E1800976CF5 /* LibIDN.h */ = {isa = PBXFileReference; fileEncoding = 4; lastKnownFileType = sourcecode.c.h; path = LibIDN.h; sourceTree = "<group>"; };
		48C4CD3411B59E1800976CF5 /* LibIDN.m */ = {isa = PBXFileReference; fileEncoding = 4; lastKnownFileType = sourcecode.c.objc; path = LibIDN.m; sourceTree = "<group>"; };
		48C4CD3511B59E1800976CF5 /* idn-int.h */ = {isa = PBXFileReference; fileEncoding = 4; lastKnownFileType = sourcecode.c.h; path = "idn-int.h"; sourceTree = "<group>"; };
		48C4CD3611B59E1800976CF5 /* stringprep.h */ = {isa = PBXFileReference; fileEncoding = 4; lastKnownFileType = sourcecode.c.h; path = stringprep.h; sourceTree = "<group>"; };
		48C4CD3A11B59E2D00976CF5 /* XMPP.h */ = {isa = PBXFileReference; fileEncoding = 4; lastKnownFileType = sourcecode.c.h; path = XMPP.h; sourceTree = "<group>"; };
		48C4CD3B11B59E2D00976CF5 /* XMPPParser.h */ = {isa = PBXFileReference; fileEncoding = 4; lastKnownFileType = sourcecode.c.h; path = XMPPParser.h; sourceTree = "<group>"; };
		48C4CD3C11B59E2D00976CF5 /* XMPPParser.m */ = {isa = PBXFileReference; fileEncoding = 4; lastKnownFileType = sourcecode.c.objc; path = XMPPParser.m; sourceTree = "<group>"; };
		48C4CD3D11B59E2D00976CF5 /* XMPPStream.h */ = {isa = PBXFileReference; fileEncoding = 4; lastKnownFileType = sourcecode.c.h; path = XMPPStream.h; sourceTree = "<group>"; };
		48C4CD3E11B59E2D00976CF5 /* XMPPStream.m */ = {isa = PBXFileReference; fileEncoding = 4; lastKnownFileType = sourcecode.c.objc; path = XMPPStream.m; sourceTree = "<group>"; };
		48C4CD3F11B59E2D00976CF5 /* XMPPJID.h */ = {isa = PBXFileReference; fileEncoding = 4; lastKnownFileType = sourcecode.c.h; path = XMPPJID.h; sourceTree = "<group>"; };
		48C4CD4011B59E2D00976CF5 /* XMPPJID.m */ = {isa = PBXFileReference; fileEncoding = 4; lastKnownFileType = sourcecode.c.objc; path = XMPPJID.m; sourceTree = "<group>"; };
		48C4CD4111B59E2D00976CF5 /* XMPPElement.h */ = {isa = PBXFileReference; fileEncoding = 4; lastKnownFileType = sourcecode.c.h; path = XMPPElement.h; sourceTree = "<group>"; };
		48C4CD4211B59E2D00976CF5 /* XMPPElement.m */ = {isa = PBXFileReference; fileEncoding = 4; lastKnownFileType = sourcecode.c.objc; path = XMPPElement.m; sourceTree = "<group>"; };
		48C4CD4311B59E2D00976CF5 /* XMPPIQ.h */ = {isa = PBXFileReference; fileEncoding = 4; lastKnownFileType = sourcecode.c.h; path = XMPPIQ.h; sourceTree = "<group>"; };
		48C4CD4411B59E2D00976CF5 /* XMPPIQ.m */ = {isa = PBXFileReference; fileEncoding = 4; lastKnownFileType = sourcecode.c.objc; path = XMPPIQ.m; sourceTree = "<group>"; };
		48C4CD4511B59E2D00976CF5 /* XMPPMessage.h */ = {isa = PBXFileReference; fileEncoding = 4; lastKnownFileType = sourcecode.c.h; path = XMPPMessage.h; sourceTree = "<group>"; };
		48C4CD4611B59E2D00976CF5 /* XMPPMessage.m */ = {isa = PBXFileReference; fileEncoding = 4; lastKnownFileType = sourcecode.c.objc; path = XMPPMessage.m; sourceTree = "<group>"; };
		48C4CD4711B59E2D00976CF5 /* XMPPPresence.h */ = {isa = PBXFileReference; fileEncoding = 4; lastKnownFileType = sourcecode.c.h; path = XMPPPresence.h; sourceTree = "<group>"; };
		48C4CD4811B59E2D00976CF5 /* XMPPPresence.m */ = {isa = PBXFileReference; fileEncoding = 4; lastKnownFileType = sourcecode.c.objc; path = XMPPPresence.m; sourceTree = "<group>"; };
		48C4CD4911B59E2D00976CF5 /* XMPPReconnect.h */ = {isa = PBXFileReference; fileEncoding = 4; lastKnownFileType = sourcecode.c.h; path = XMPPReconnect.h; sourceTree = "<group>"; };
		48C4CD4A11B59E2D00976CF5 /* XMPPReconnect.m */ = {isa = PBXFileReference; fileEncoding = 4; lastKnownFileType = sourcecode.c.objc; path = XMPPReconnect.m; sourceTree = "<group>"; };
		48C4CD5411B59E4300976CF5 /* XMPPRoster.h */ = {isa = PBXFileReference; fileEncoding = 4; lastKnownFileType = sourcecode.c.h; path = XMPPRoster.h; sourceTree = "<group>"; };
		48C4CD5511B59E4300976CF5 /* XMPPRoster.m */ = {isa = PBXFileReference; fileEncoding = 4; lastKnownFileType = sourcecode.c.objc; path = XMPPRoster.m; sourceTree = "<group>"; };
		48C4CD5611B59E4300976CF5 /* XMPPUser.h */ = {isa = PBXFileReference; fileEncoding = 4; lastKnownFileType = sourcecode.c.h; path = XMPPUser.h; sourceTree = "<group>"; };
		48C4CD5711B59E4300976CF5 /* XMPPResource.h */ = {isa = PBXFileReference; fileEncoding = 4; lastKnownFileType = sourcecode.c.h; path = XMPPResource.h; sourceTree = "<group>"; };
		48C4CD5A11B59E5200976CF5 /* XMPPRosterPrivate.h */ = {isa = PBXFileReference; fileEncoding = 4; lastKnownFileType = sourcecode.c.h; path = XMPPRosterPrivate.h; sourceTree = "<group>"; };
		48C4CD5C11B59E6300976CF5 /* XMPPRoster.xcdatamodel */ = {isa = PBXFileReference; fileEncoding = 4; lastKnownFileType = wrapper.xcdatamodel; path = XMPPRoster.xcdatamodel; sourceTree = "<group>"; };
		48C4CD5D11B59E6300976CF5 /* XMPPRosterCoreDataStorage.h */ = {isa = PBXFileReference; fileEncoding = 4; lastKnownFileType = sourcecode.c.h; path = XMPPRosterCoreDataStorage.h; sourceTree = "<group>"; };
		48C4CD5E11B59E6300976CF5 /* XMPPRosterCoreDataStorage.m */ = {isa = PBXFileReference; fileEncoding = 4; lastKnownFileType = sourcecode.c.objc; path = XMPPRosterCoreDataStorage.m; sourceTree = "<group>"; };
		48C4CD5F11B59E6300976CF5 /* XMPPUserCoreDataStorage.h */ = {isa = PBXFileReference; fileEncoding = 4; lastKnownFileType = sourcecode.c.h; path = XMPPUserCoreDataStorage.h; sourceTree = "<group>"; };
		48C4CD6011B59E6300976CF5 /* XMPPUserCoreDataStorage.m */ = {isa = PBXFileReference; fileEncoding = 4; lastKnownFileType = sourcecode.c.objc; path = XMPPUserCoreDataStorage.m; sourceTree = "<group>"; };
		48C4CD6111B59E6300976CF5 /* XMPPResourceCoreDataStorage.h */ = {isa = PBXFileReference; fileEncoding = 4; lastKnownFileType = sourcecode.c.h; path = XMPPResourceCoreDataStorage.h; sourceTree = "<group>"; };
		48C4CD6211B59E6300976CF5 /* XMPPResourceCoreDataStorage.m */ = {isa = PBXFileReference; fileEncoding = 4; lastKnownFileType = sourcecode.c.objc; path = XMPPResourceCoreDataStorage.m; sourceTree = "<group>"; };
		48C4CDB211B59EE100976CF5 /* CoreData.framework */ = {isa = PBXFileReference; lastKnownFileType = wrapper.framework; name = CoreData.framework; path = System/Library/Frameworks/CoreData.framework; sourceTree = SDKROOT; };
		48C4CDB611B59EEE00976CF5 /* CFNetwork.framework */ = {isa = PBXFileReference; lastKnownFileType = wrapper.framework; name = CFNetwork.framework; path = System/Library/Frameworks/CFNetwork.framework; sourceTree = SDKROOT; };
		48C4CDBA11B59EF800976CF5 /* SystemConfiguration.framework */ = {isa = PBXFileReference; lastKnownFileType = wrapper.framework; name = SystemConfiguration.framework; path = System/Library/Frameworks/SystemConfiguration.framework; sourceTree = SDKROOT; };
		48C4CDBE11B59F0900976CF5 /* libxml2.dylib */ = {isa = PBXFileReference; lastKnownFileType = "compiled.mach-o.dylib"; name = libxml2.dylib; path = usr/lib/libxml2.dylib; sourceTree = SDKROOT; };
		48C4CDC511B5A07800976CF5 /* libidn.a */ = {isa = PBXFileReference; lastKnownFileType = archive.ar; path = libidn.a; sourceTree = "<group>"; };
		48C4CDD511B5A13B00976CF5 /* XMPPModule.h */ = {isa = PBXFileReference; fileEncoding = 4; lastKnownFileType = sourcecode.c.h; path = XMPPModule.h; sourceTree = "<group>"; };
		48C4CDD611B5A13B00976CF5 /* XMPPModule.m */ = {isa = PBXFileReference; fileEncoding = 4; lastKnownFileType = sourcecode.c.objc; path = XMPPModule.m; sourceTree = "<group>"; };
		8D1107310486CEB800E47090 /* PubSubPlayground-Info.plist */ = {isa = PBXFileReference; fileEncoding = 4; lastKnownFileType = text.plist.xml; path = "PubSubPlayground-Info.plist"; plistStructureDefinitionIdentifier = "com.apple.xcode.plist.structure-definition.iphone.info-plist"; sourceTree = "<group>"; };
/* End PBXFileReference section */

/* Begin PBXFrameworksBuildPhase section */
		1D60588F0D05DD3D006BFB54 /* Frameworks */ = {
			isa = PBXFrameworksBuildPhase;
			buildActionMask = 2147483647;
			files = (
				1D60589F0D05DD5A006BFB54 /* Foundation.framework in Frameworks */,
				1DF5F4E00D08C38300B7A737 /* UIKit.framework in Frameworks */,
				288765FD0DF74451002DB57D /* CoreGraphics.framework in Frameworks */,
				48C4CDB311B59EE100976CF5 /* CoreData.framework in Frameworks */,
				48C4CDB711B59EEE00976CF5 /* CFNetwork.framework in Frameworks */,
				48C4CDBB11B59EF800976CF5 /* SystemConfiguration.framework in Frameworks */,
				48C4CDBF11B59F0900976CF5 /* libxml2.dylib in Frameworks */,
				48C4CDC611B5A07800976CF5 /* libidn.a in Frameworks */,
			);
			runOnlyForDeploymentPostprocessing = 0;
		};
/* End PBXFrameworksBuildPhase section */

/* Begin PBXGroup section */
		080E96DDFE201D6D7F000001 /* Classes */ = {
			isa = PBXGroup;
			children = (
				48C4CD2411B59DCF00976CF5 /* Third Party Libraries */,
				48C4CD0B11B59D1C00976CF5 /* Categories */,
				1D3623240D0F684500981E51 /* PubSubPlaygroundAppDelegate.h */,
				1D3623250D0F684500981E51 /* PubSubPlaygroundAppDelegate.m */,
			);
			path = Classes;
			sourceTree = "<group>";
		};
		19C28FACFE9D520D11CA2CBB /* Products */ = {
			isa = PBXGroup;
			children = (
				1D6058910D05DD3D006BFB54 /* PubSubPlayground.app */,
			);
			name = Products;
			sourceTree = "<group>";
		};
		29B97314FDCFA39411CA2CEA /* CustomTemplate */ = {
			isa = PBXGroup;
			children = (
				080E96DDFE201D6D7F000001 /* Classes */,
				29B97315FDCFA39411CA2CEA /* Other Sources */,
				29B97317FDCFA39411CA2CEA /* Resources */,
				29B97323FDCFA39411CA2CEA /* Frameworks */,
				19C28FACFE9D520D11CA2CBB /* Products */,
			);
			name = CustomTemplate;
			sourceTree = "<group>";
		};
		29B97315FDCFA39411CA2CEA /* Other Sources */ = {
			isa = PBXGroup;
			children = (
				32CA4F630368D1EE00C91783 /* PubSubPlayground_Prefix.pch */,
				29B97316FDCFA39411CA2CEA /* main.m */,
			);
			name = "Other Sources";
			sourceTree = "<group>";
		};
		29B97317FDCFA39411CA2CEA /* Resources */ = {
			isa = PBXGroup;
			children = (
				28AD733E0D9D9553002E5188 /* MainWindow.xib */,
				8D1107310486CEB800E47090 /* PubSubPlayground-Info.plist */,
			);
			name = Resources;
			sourceTree = "<group>";
		};
		29B97323FDCFA39411CA2CEA /* Frameworks */ = {
			isa = PBXGroup;
			children = (
				1DF5F4DF0D08C38300B7A737 /* UIKit.framework */,
				1D30AB110D05D00D00671497 /* Foundation.framework */,
				288765FC0DF74451002DB57D /* CoreGraphics.framework */,
				48C4CDB211B59EE100976CF5 /* CoreData.framework */,
				48C4CDB611B59EEE00976CF5 /* CFNetwork.framework */,
				48C4CDBA11B59EF800976CF5 /* SystemConfiguration.framework */,
				48C4CDBE11B59F0900976CF5 /* libxml2.dylib */,
				48C4CDC511B5A07800976CF5 /* libidn.a */,
			);
			name = Frameworks;
			sourceTree = "<group>";
		};
		48C4CD0B11B59D1C00976CF5 /* Categories */ = {
			isa = PBXGroup;
			children = (
				48C4CD0711B59D0400976CF5 /* XMPPIQ+TelemonitoringPubSub.h */,
				48C4CD0811B59D0400976CF5 /* XMPPIQ+TelemonitoringPubSub.m */,
			);
			name = Categories;
			sourceTree = "<group>";
		};
		48C4CD1C11B59D5400976CF5 /* KissXML */ = {
			isa = PBXGroup;
			children = (
				48C4CD1D11B59D6000976CF5 /* Categories */,
				48C4CD1E11B59D6B00976CF5 /* Private */,
				48C4CD1111B59D5200976CF5 /* DDXML.h */,
				48C4CD1211B59D5200976CF5 /* DDXMLDocument.h */,
				48C4CD1311B59D5200976CF5 /* DDXMLDocument.m */,
				48C4CD1411B59D5200976CF5 /* DDXMLElement.h */,
				48C4CD1511B59D5200976CF5 /* DDXMLElement.m */,
				48C4CD1611B59D5200976CF5 /* DDXMLNode.h */,
				48C4CD1711B59D5200976CF5 /* DDXMLNode.m */,
			);
			name = KissXML;
			sourceTree = "<group>";
		};
		48C4CD1D11B59D6000976CF5 /* Categories */ = {
			isa = PBXGroup;
			children = (
				48C4CD2111B59D8800976CF5 /* DDXMLElementAdditions.h */,
				48C4CD2211B59D8800976CF5 /* DDXMLElementAdditions.m */,
				48C4CD0E11B59D5200976CF5 /* NSStringAdditions.h */,
				48C4CD0F11B59D5200976CF5 /* NSStringAdditions.m */,
			);
			name = Categories;
			sourceTree = "<group>";
		};
		48C4CD1E11B59D6B00976CF5 /* Private */ = {
			isa = PBXGroup;
			children = (
				48C4CD1011B59D5200976CF5 /* DDXMLPrivate.h */,
			);
			name = Private;
			sourceTree = "<group>";
		};
		48C4CD2411B59DCF00976CF5 /* Third Party Libraries */ = {
			isa = PBXGroup;
			children = (
				48C4CD1C11B59D5400976CF5 /* KissXML */,
				48C4CD2811B59DE900976CF5 /* TCP */,
				48C4CD3011B59DFE00976CF5 /* XMPP */,
			);
			name = "Third Party Libraries";
			sourceTree = "<group>";
		};
		48C4CD2811B59DE900976CF5 /* TCP */ = {
			isa = PBXGroup;
			children = (
				48C4CD2511B59DE700976CF5 /* AsyncSocket.h */,
				48C4CD2611B59DE700976CF5 /* AsyncSocket.m */,
			);
			name = TCP;
			sourceTree = "<group>";
		};
		48C4CD2F11B59DF900976CF5 /* Categories */ = {
			isa = PBXGroup;
			children = (
				48C4CD2911B59DF700976CF5 /* NSXMLElementAdditions.h */,
				48C4CD2A11B59DF700976CF5 /* NSXMLElementAdditions.m */,
				48C4CD2B11B59DF700976CF5 /* NSDataAdditions.h */,
				48C4CD2C11B59DF700976CF5 /* NSDataAdditions.m */,
			);
			name = Categories;
			sourceTree = "<group>";
		};
		48C4CD3011B59DFE00976CF5 /* XMPP */ = {
			isa = PBXGroup;
			children = (
				48C4CD2F11B59DF900976CF5 /* Categories */,
				48C4CD3911B59E1A00976CF5 /* Utilities */,
				48C4CD5311B59E2F00976CF5 /* Core */,
				48C4CD5911B59E4500976CF5 /* Roster */,
			);
			name = XMPP;
			sourceTree = "<group>";
		};
		48C4CD3911B59E1A00976CF5 /* Utilities */ = {
			isa = PBXGroup;
			children = (
				48C4CD3111B59E1800976CF5 /* MulticastDelegate.h */,
				48C4CD3211B59E1800976CF5 /* MulticastDelegate.m */,
				48C4CD3311B59E1800976CF5 /* LibIDN.h */,
				48C4CD3411B59E1800976CF5 /* LibIDN.m */,
				48C4CD3511B59E1800976CF5 /* idn-int.h */,
				48C4CD3611B59E1800976CF5 /* stringprep.h */,
			);
			name = Utilities;
			sourceTree = "<group>";
		};
		48C4CD5311B59E2F00976CF5 /* Core */ = {
			isa = PBXGroup;
			children = (
				48C4CD3A11B59E2D00976CF5 /* XMPP.h */,
				48C4CD3B11B59E2D00976CF5 /* XMPPParser.h */,
				48C4CD3C11B59E2D00976CF5 /* XMPPParser.m */,
				48C4CD3D11B59E2D00976CF5 /* XMPPStream.h */,
				48C4CD3E11B59E2D00976CF5 /* XMPPStream.m */,
				48C4CD3F11B59E2D00976CF5 /* XMPPJID.h */,
				48C4CD4011B59E2D00976CF5 /* XMPPJID.m */,
				48C4CD4111B59E2D00976CF5 /* XMPPElement.h */,
				48C4CD4211B59E2D00976CF5 /* XMPPElement.m */,
				48C4CD4311B59E2D00976CF5 /* XMPPIQ.h */,
				48C4CD4411B59E2D00976CF5 /* XMPPIQ.m */,
				48C4CD4511B59E2D00976CF5 /* XMPPMessage.h */,
				48C4CD4611B59E2D00976CF5 /* XMPPMessage.m */,
				48C4CD4711B59E2D00976CF5 /* XMPPPresence.h */,
				48C4CD4811B59E2D00976CF5 /* XMPPPresence.m */,
				48C4CD4911B59E2D00976CF5 /* XMPPReconnect.h */,
				48C4CD4A11B59E2D00976CF5 /* XMPPReconnect.m */,
				48C4CDD511B5A13B00976CF5 /* XMPPModule.h */,
				48C4CDD611B5A13B00976CF5 /* XMPPModule.m */,
			);
			name = Core;
			sourceTree = "<group>";
		};
		48C4CD5911B59E4500976CF5 /* Roster */ = {
			isa = PBXGroup;
			children = (
				48C4CD5411B59E4300976CF5 /* XMPPRoster.h */,
				48C4CD5511B59E4300976CF5 /* XMPPRoster.m */,
				48C4CD5611B59E4300976CF5 /* XMPPUser.h */,
				48C4CD5711B59E4300976CF5 /* XMPPResource.h */,
				48C4CD5B11B59E5400976CF5 /* Private */,
				48C4CD6711B59E6600976CF5 /* CoreData */,
			);
			name = Roster;
			sourceTree = "<group>";
		};
		48C4CD5B11B59E5400976CF5 /* Private */ = {
			isa = PBXGroup;
			children = (
				48C4CD5A11B59E5200976CF5 /* XMPPRosterPrivate.h */,
			);
			name = Private;
			sourceTree = "<group>";
		};
		48C4CD6711B59E6600976CF5 /* CoreData */ = {
			isa = PBXGroup;
			children = (
				48C4CD5C11B59E6300976CF5 /* XMPPRoster.xcdatamodel */,
				48C4CD5D11B59E6300976CF5 /* XMPPRosterCoreDataStorage.h */,
				48C4CD5E11B59E6300976CF5 /* XMPPRosterCoreDataStorage.m */,
				48C4CD5F11B59E6300976CF5 /* XMPPUserCoreDataStorage.h */,
				48C4CD6011B59E6300976CF5 /* XMPPUserCoreDataStorage.m */,
				48C4CD6111B59E6300976CF5 /* XMPPResourceCoreDataStorage.h */,
				48C4CD6211B59E6300976CF5 /* XMPPResourceCoreDataStorage.m */,
			);
			name = CoreData;
			sourceTree = "<group>";
		};
/* End PBXGroup section */

/* Begin PBXNativeTarget section */
		1D6058900D05DD3D006BFB54 /* PubSubPlayground */ = {
			isa = PBXNativeTarget;
			buildConfigurationList = 1D6058960D05DD3E006BFB54 /* Build configuration list for PBXNativeTarget "PubSubPlayground" */;
			buildPhases = (
				1D60588D0D05DD3D006BFB54 /* Resources */,
				1D60588E0D05DD3D006BFB54 /* Sources */,
				1D60588F0D05DD3D006BFB54 /* Frameworks */,
			);
			buildRules = (
			);
			dependencies = (
			);
			name = PubSubPlayground;
			productName = PubSubPlayground;
			productReference = 1D6058910D05DD3D006BFB54 /* PubSubPlayground.app */;
			productType = "com.apple.product-type.application";
		};
/* End PBXNativeTarget section */

/* Begin PBXProject section */
		29B97313FDCFA39411CA2CEA /* Project object */ = {
			isa = PBXProject;
			buildConfigurationList = C01FCF4E08A954540054247B /* Build configuration list for PBXProject "PubSubPlayground" */;
			compatibilityVersion = "Xcode 3.1";
			hasScannedForEncodings = 1;
			mainGroup = 29B97314FDCFA39411CA2CEA /* CustomTemplate */;
			projectDirPath = "";
			projectRoot = "";
			targets = (
				1D6058900D05DD3D006BFB54 /* PubSubPlayground */,
			);
		};
/* End PBXProject section */

/* Begin PBXResourcesBuildPhase section */
		1D60588D0D05DD3D006BFB54 /* Resources */ = {
			isa = PBXResourcesBuildPhase;
			buildActionMask = 2147483647;
			files = (
				28AD733F0D9D9553002E5188 /* MainWindow.xib in Resources */,
			);
			runOnlyForDeploymentPostprocessing = 0;
		};
/* End PBXResourcesBuildPhase section */

/* Begin PBXSourcesBuildPhase section */
		1D60588E0D05DD3D006BFB54 /* Sources */ = {
			isa = PBXSourcesBuildPhase;
			buildActionMask = 2147483647;
			files = (
				1D60589B0D05DD56006BFB54 /* main.m in Sources */,
				1D3623260D0F684500981E51 /* PubSubPlaygroundAppDelegate.m in Sources */,
				48C4CD0911B59D0400976CF5 /* XMPPIQ+TelemonitoringPubSub.m in Sources */,
				48C4CD1811B59D5200976CF5 /* NSStringAdditions.m in Sources */,
				48C4CD1911B59D5200976CF5 /* DDXMLDocument.m in Sources */,
				48C4CD1A11B59D5200976CF5 /* DDXMLElement.m in Sources */,
				48C4CD1B11B59D5200976CF5 /* DDXMLNode.m in Sources */,
				48C4CD2311B59D8800976CF5 /* DDXMLElementAdditions.m in Sources */,
				48C4CD2711B59DE700976CF5 /* AsyncSocket.m in Sources */,
				48C4CD2D11B59DF700976CF5 /* NSXMLElementAdditions.m in Sources */,
				48C4CD2E11B59DF700976CF5 /* NSDataAdditions.m in Sources */,
				48C4CD3711B59E1800976CF5 /* MulticastDelegate.m in Sources */,
				48C4CD3811B59E1800976CF5 /* LibIDN.m in Sources */,
				48C4CD4B11B59E2D00976CF5 /* XMPPParser.m in Sources */,
				48C4CD4C11B59E2D00976CF5 /* XMPPStream.m in Sources */,
				48C4CD4D11B59E2D00976CF5 /* XMPPJID.m in Sources */,
				48C4CD4E11B59E2D00976CF5 /* XMPPElement.m in Sources */,
				48C4CD4F11B59E2D00976CF5 /* XMPPIQ.m in Sources */,
				48C4CD5011B59E2D00976CF5 /* XMPPMessage.m in Sources */,
				48C4CD5111B59E2D00976CF5 /* XMPPPresence.m in Sources */,
				48C4CD5211B59E2D00976CF5 /* XMPPReconnect.m in Sources */,
				48C4CD5811B59E4300976CF5 /* XMPPRoster.m in Sources */,
				48C4CD6311B59E6300976CF5 /* XMPPRoster.xcdatamodel in Sources */,
				48C4CD6411B59E6300976CF5 /* XMPPRosterCoreDataStorage.m in Sources */,
				48C4CD6511B59E6300976CF5 /* XMPPUserCoreDataStorage.m in Sources */,
				48C4CD6611B59E6300976CF5 /* XMPPResourceCoreDataStorage.m in Sources */,
				48C4CDD711B5A13B00976CF5 /* XMPPModule.m in Sources */,
			);
			runOnlyForDeploymentPostprocessing = 0;
		};
/* End PBXSourcesBuildPhase section */

/* Begin XCBuildConfiguration section */
		1D6058940D05DD3E006BFB54 /* Debug */ = {
			isa = XCBuildConfiguration;
			buildSettings = {
				ALWAYS_SEARCH_USER_PATHS = NO;
				COPY_PHASE_STRIP = NO;
				GCC_DYNAMIC_NO_PIC = NO;
				GCC_OPTIMIZATION_LEVEL = 0;
				GCC_PRECOMPILE_PREFIX_HEADER = YES;
				GCC_PREFIX_HEADER = PubSubPlayground_Prefix.pch;
				INFOPLIST_FILE = "PubSubPlayground-Info.plist";
				LIBRARY_SEARCH_PATHS = (
					"$(inherited)",
					"\"$(SRCROOT)\"",
				);
				PRODUCT_NAME = PubSubPlayground;
			};
			name = Debug;
		};
		1D6058950D05DD3E006BFB54 /* Release */ = {
			isa = XCBuildConfiguration;
			buildSettings = {
				ALWAYS_SEARCH_USER_PATHS = NO;
				COPY_PHASE_STRIP = YES;
				GCC_PRECOMPILE_PREFIX_HEADER = YES;
				GCC_PREFIX_HEADER = PubSubPlayground_Prefix.pch;
				INFOPLIST_FILE = "PubSubPlayground-Info.plist";
				LIBRARY_SEARCH_PATHS = (
					"$(inherited)",
					"\"$(SRCROOT)\"",
				);
				PRODUCT_NAME = PubSubPlayground;
				VALIDATE_PRODUCT = YES;
			};
			name = Release;
		};
		C01FCF4F08A954540054247B /* Debug */ = {
			isa = XCBuildConfiguration;
			buildSettings = {
				ARCHS = "$(ARCHS_STANDARD_32_BIT)";
				"CODE_SIGN_IDENTITY[sdk=iphoneos*]" = "iPhone Developer";
				GCC_C_LANGUAGE_STANDARD = c99;
				GCC_WARN_ABOUT_RETURN_TYPE = YES;
				GCC_WARN_UNUSED_VARIABLE = YES;
				HEADER_SEARCH_PATHS = /usr/include/libxml2;
				OTHER_LDFLAGS = "-lxml2";
				PREBINDING = NO;
				RUN_CLANG_STATIC_ANALYZER = YES;
				SDKROOT = iphoneos3.0;
			};
			name = Debug;
		};
		C01FCF5008A954540054247B /* Release */ = {
			isa = XCBuildConfiguration;
			buildSettings = {
				ARCHS = "$(ARCHS_STANDARD_32_BIT)";
				"CODE_SIGN_IDENTITY[sdk=iphoneos*]" = "iPhone Developer";
				GCC_C_LANGUAGE_STANDARD = c99;
				GCC_WARN_ABOUT_RETURN_TYPE = YES;
				GCC_WARN_UNUSED_VARIABLE = YES;
				OTHER_CFLAGS = "-DNS_BLOCK_ASSERTIONS=1";
				PREBINDING = NO;
				SDKROOT = iphoneos3.1.3;
			};
			name = Release;
		};
/* End XCBuildConfiguration section */

/* Begin XCConfigurationList section */
		1D6058960D05DD3E006BFB54 /* Build configuration list for PBXNativeTarget "PubSubPlayground" */ = {
			isa = XCConfigurationList;
			buildConfigurations = (
				1D6058940D05DD3E006BFB54 /* Debug */,
				1D6058950D05DD3E006BFB54 /* Release */,
			);
			defaultConfigurationIsVisible = 0;
			defaultConfigurationName = Release;
		};
		C01FCF4E08A954540054247B /* Build configuration list for PBXProject "PubSubPlayground" */ = {
			isa = XCConfigurationList;
			buildConfigurations = (
				C01FCF4F08A954540054247B /* Debug */,
				C01FCF5008A954540054247B /* Release */,
			);
			defaultConfigurationIsVisible = 0;
			defaultConfigurationName = Release;
		};
/* End XCConfigurationList section */
	};
	rootObject = 29B97313FDCFA39411CA2CEA /* Project object */;
}
